// !$*UTF8*$!
{
	archiveVersion = 1;
	classes = {
	};
	objectVersion = 46;
	objects = {

/* Begin PBXBuildFile section */
		28019D341F72F99600D5019B /* main.m in Sources */ = {isa = PBXBuildFile; fileRef = 28019D331F72F99600D5019B /* main.m */; };
		28019D371F72F99600D5019B /* AppDelegate.m in Sources */ = {isa = PBXBuildFile; fileRef = 28019D361F72F99600D5019B /* AppDelegate.m */; };
		28019D3A1F72F99600D5019B /* ViewController.m in Sources */ = {isa = PBXBuildFile; fileRef = 28019D391F72F99600D5019B /* ViewController.m */; };
		28019D3D1F72F99600D5019B /* Main.storyboard in Resources */ = {isa = PBXBuildFile; fileRef = 28019D3B1F72F99600D5019B /* Main.storyboard */; };
		28019D3F1F72F99600D5019B /* Assets.xcassets in Resources */ = {isa = PBXBuildFile; fileRef = 28019D3E1F72F99600D5019B /* Assets.xcassets */; };
		28019D421F72F99600D5019B /* LaunchScreen.storyboard in Resources */ = {isa = PBXBuildFile; fileRef = 28019D401F72F99600D5019B /* LaunchScreen.storyboard */; };
		72A3C5CAD3D302E6DF500EF9 /* libPods-RNWrapper2.a in Frameworks */ = {isa = PBXBuildFile; fileRef = 15E0986663012570038E8435 /* libPods-RNWrapper2.a */; };
/* End PBXBuildFile section */

/* Begin PBXFileReference section */
		15E0986663012570038E8435 /* libPods-RNWrapper2.a */ = {isa = PBXFileReference; explicitFileType = archive.ar; includeInIndex = 0; path = "libPods-RNWrapper2.a"; sourceTree = BUILT_PRODUCTS_DIR; };
		28019D2F1F72F99600D5019B /* RNWrapper2.app */ = {isa = PBXFileReference; explicitFileType = wrapper.application; includeInIndex = 0; path = RNWrapper2.app; sourceTree = BUILT_PRODUCTS_DIR; };
		28019D331F72F99600D5019B /* main.m */ = {isa = PBXFileReference; lastKnownFileType = sourcecode.c.objc; path = main.m; sourceTree = "<group>"; };
		28019D351F72F99600D5019B /* AppDelegate.h */ = {isa = PBXFileReference; lastKnownFileType = sourcecode.c.h; path = AppDelegate.h; sourceTree = "<group>"; };
		28019D361F72F99600D5019B /* AppDelegate.m */ = {isa = PBXFileReference; lastKnownFileType = sourcecode.c.objc; path = AppDelegate.m; sourceTree = "<group>"; };
		28019D381F72F99600D5019B /* ViewController.h */ = {isa = PBXFileReference; lastKnownFileType = sourcecode.c.h; path = ViewController.h; sourceTree = "<group>"; };
		28019D391F72F99600D5019B /* ViewController.m */ = {isa = PBXFileReference; lastKnownFileType = sourcecode.c.objc; path = ViewController.m; sourceTree = "<group>"; };
		28019D3C1F72F99600D5019B /* Base */ = {isa = PBXFileReference; lastKnownFileType = file.storyboard; name = Base; path = Base.lproj/Main.storyboard; sourceTree = "<group>"; };
		28019D3E1F72F99600D5019B /* Assets.xcassets */ = {isa = PBXFileReference; lastKnownFileType = folder.assetcatalog; path = Assets.xcassets; sourceTree = "<group>"; };
		28019D411F72F99600D5019B /* Base */ = {isa = PBXFileReference; lastKnownFileType = file.storyboard; name = Base; path = Base.lproj/LaunchScreen.storyboard; sourceTree = "<group>"; };
		28019D431F72F99600D5019B /* Info.plist */ = {isa = PBXFileReference; lastKnownFileType = text.plist.xml; path = Info.plist; sourceTree = "<group>"; };
		8038AA53829710CCF2767723 /* Pods-RNWrapper2.debug.xcconfig */ = {isa = PBXFileReference; includeInIndex = 1; lastKnownFileType = text.xcconfig; name = "Pods-RNWrapper2.debug.xcconfig"; path = "Pods/Target Support Files/Pods-RNWrapper2/Pods-RNWrapper2.debug.xcconfig"; sourceTree = "<group>"; };
		94D5463D23F1948436586FB1 /* Pods-RNWrapper2.release.xcconfig */ = {isa = PBXFileReference; includeInIndex = 1; lastKnownFileType = text.xcconfig; name = "Pods-RNWrapper2.release.xcconfig"; path = "Pods/Target Support Files/Pods-RNWrapper2/Pods-RNWrapper2.release.xcconfig"; sourceTree = "<group>"; };
/* End PBXFileReference section */

/* Begin PBXFrameworksBuildPhase section */
		28019D2C1F72F99600D5019B /* Frameworks */ = {
			isa = PBXFrameworksBuildPhase;
			buildActionMask = 2147483647;
			files = (
				72A3C5CAD3D302E6DF500EF9 /* libPods-RNWrapper2.a in Frameworks */,
			);
			runOnlyForDeploymentPostprocessing = 0;
		};
/* End PBXFrameworksBuildPhase section */

/* Begin PBXGroup section */
		28019D261F72F99600D5019B = {
			isa = PBXGroup;
			children = (
				28019D311F72F99600D5019B /* RNWrapper2 */,
				28019D301F72F99600D5019B /* Products */,
				E2E05E56F8A94014771E82C7 /* Pods */,
				3954E451CFB2C4F043B2299F /* Frameworks */,
			);
			sourceTree = "<group>";
		};
		28019D301F72F99600D5019B /* Products */ = {
			isa = PBXGroup;
			children = (
				28019D2F1F72F99600D5019B /* RNWrapper2.app */,
			);
			name = Products;
			sourceTree = "<group>";
		};
		28019D311F72F99600D5019B /* RNWrapper2 */ = {
			isa = PBXGroup;
			children = (
				28019D351F72F99600D5019B /* AppDelegate.h */,
				28019D361F72F99600D5019B /* AppDelegate.m */,
				28019D381F72F99600D5019B /* ViewController.h */,
				28019D391F72F99600D5019B /* ViewController.m */,
				28019D3B1F72F99600D5019B /* Main.storyboard */,
				28019D3E1F72F99600D5019B /* Assets.xcassets */,
				28019D401F72F99600D5019B /* LaunchScreen.storyboard */,
				28019D431F72F99600D5019B /* Info.plist */,
				28019D321F72F99600D5019B /* Supporting Files */,
			);
			path = RNWrapper2;
			sourceTree = "<group>";
		};
		28019D321F72F99600D5019B /* Supporting Files */ = {
			isa = PBXGroup;
			children = (
				28019D331F72F99600D5019B /* main.m */,
			);
			name = "Supporting Files";
			sourceTree = "<group>";
		};
		3954E451CFB2C4F043B2299F /* Frameworks */ = {
			isa = PBXGroup;
			children = (
				15E0986663012570038E8435 /* libPods-RNWrapper2.a */,
			);
			name = Frameworks;
			sourceTree = "<group>";
		};
		E2E05E56F8A94014771E82C7 /* Pods */ = {
			isa = PBXGroup;
			children = (
				8038AA53829710CCF2767723 /* Pods-RNWrapper2.debug.xcconfig */,
				94D5463D23F1948436586FB1 /* Pods-RNWrapper2.release.xcconfig */,
			);
			name = Pods;
			sourceTree = "<group>";
		};
/* End PBXGroup section */

/* Begin PBXNativeTarget section */
		28019D2E1F72F99600D5019B /* RNWrapper2 */ = {
			isa = PBXNativeTarget;
			buildConfigurationList = 28019D461F72F99600D5019B /* Build configuration list for PBXNativeTarget "RNWrapper2" */;
			buildPhases = (
				158695E82B33EAD1A6A157B2 /* [CP] Check Pods Manifest.lock */,
				28019D2B1F72F99600D5019B /* Sources */,
				28019D2C1F72F99600D5019B /* Frameworks */,
				28019D2D1F72F99600D5019B /* Resources */,
				FEC9613DC1B09D53CA94DB60 /* [CP] Embed Pods Frameworks */,
				82F414DE8ECE453761E2393E /* [CP] Copy Pods Resources */,
			);
			buildRules = (
			);
			dependencies = (
			);
			name = RNWrapper2;
			productName = RNWrapper2;
			productReference = 28019D2F1F72F99600D5019B /* RNWrapper2.app */;
			productType = "com.apple.product-type.application";
		};
/* End PBXNativeTarget section */

/* Begin PBXProject section */
		28019D271F72F99600D5019B /* Project object */ = {
			isa = PBXProject;
			attributes = {
				LastUpgradeCheck = 0830;
				ORGANIZATIONNAME = "Guanxiong Ding";
				TargetAttributes = {
					28019D2E1F72F99600D5019B = {
						CreatedOnToolsVersion = 8.3.3;
						ProvisioningStyle = Automatic;
					};
				};
			};
			buildConfigurationList = 28019D2A1F72F99600D5019B /* Build configuration list for PBXProject "RNWrapper2" */;
			compatibilityVersion = "Xcode 3.2";
			developmentRegion = English;
			hasScannedForEncodings = 0;
			knownRegions = (
				en,
				Base,
			);
			mainGroup = 28019D261F72F99600D5019B;
			productRefGroup = 28019D301F72F99600D5019B /* Products */;
			projectDirPath = "";
			projectRoot = "";
			targets = (
				28019D2E1F72F99600D5019B /* RNWrapper2 */,
			);
		};
/* End PBXProject section */

/* Begin PBXResourcesBuildPhase section */
		28019D2D1F72F99600D5019B /* Resources */ = {
			isa = PBXResourcesBuildPhase;
			buildActionMask = 2147483647;
			files = (
				28019D421F72F99600D5019B /* LaunchScreen.storyboard in Resources */,
				28019D3F1F72F99600D5019B /* Assets.xcassets in Resources */,
				28019D3D1F72F99600D5019B /* Main.storyboard in Resources */,
			);
			runOnlyForDeploymentPostprocessing = 0;
		};
/* End PBXResourcesBuildPhase section */

/* Begin PBXShellScriptBuildPhase section */
		158695E82B33EAD1A6A157B2 /* [CP] Check Pods Manifest.lock */ = {
			isa = PBXShellScriptBuildPhase;
			buildActionMask = 2147483647;
			files = (
			);
			inputPaths = (
			);
			name = "[CP] Check Pods Manifest.lock";
			outputPaths = (
			);
			runOnlyForDeploymentPostprocessing = 0;
			shellPath = /bin/sh;
			shellScript = "diff \"${PODS_PODFILE_DIR_PATH}/Podfile.lock\" \"${PODS_ROOT}/Manifest.lock\" > /dev/null\nif [ $? != 0 ] ; then\n    # print error to STDERR\n    echo \"error: The sandbox is not in sync with the Podfile.lock. Run 'pod install' or update your CocoaPods installation.\" >&2\n    exit 1\nfi\n";
			showEnvVarsInLog = 0;
		};
		82F414DE8ECE453761E2393E /* [CP] Copy Pods Resources */ = {
			isa = PBXShellScriptBuildPhase;
			buildActionMask = 2147483647;
			files = (
			);
			inputPaths = (
			);
			name = "[CP] Copy Pods Resources";
			outputPaths = (
			);
			runOnlyForDeploymentPostprocessing = 0;
			shellPath = /bin/sh;
			shellScript = "\"${SRCROOT}/Pods/Target Support Files/Pods-RNWrapper2/Pods-RNWrapper2-resources.sh\"\n";
			showEnvVarsInLog = 0;
		};
		FEC9613DC1B09D53CA94DB60 /* [CP] Embed Pods Frameworks */ = {
			isa = PBXShellScriptBuildPhase;
			buildActionMask = 2147483647;
			files = (
			);
			inputPaths = (
			);
			name = "[CP] Embed Pods Frameworks";
			outputPaths = (
			);
			runOnlyForDeploymentPostprocessing = 0;
			shellPath = /bin/sh;
			shellScript = "\"${SRCROOT}/Pods/Target Support Files/Pods-RNWrapper2/Pods-RNWrapper2-frameworks.sh\"\n";
			showEnvVarsInLog = 0;
		};
/* End PBXShellScriptBuildPhase section */

/* Begin PBXSourcesBuildPhase section */
		28019D2B1F72F99600D5019B /* Sources */ = {
			isa = PBXSourcesBuildPhase;
			buildActionMask = 2147483647;
			files = (
				28019D3A1F72F99600D5019B /* ViewController.m in Sources */,
				28019D371F72F99600D5019B /* AppDelegate.m in Sources */,
				28019D341F72F99600D5019B /* main.m in Sources */,
			);
			runOnlyForDeploymentPostprocessing = 0;
		};
/* End PBXSourcesBuildPhase section */

/* Begin PBXVariantGroup section */
		28019D3B1F72F99600D5019B /* Main.storyboard */ = {
			isa = PBXVariantGroup;
			children = (
				28019D3C1F72F99600D5019B /* Base */,
			);
			name = Main.storyboard;
			sourceTree = "<group>";
		};
		28019D401F72F99600D5019B /* LaunchScreen.storyboard */ = {
			isa = PBXVariantGroup;
			children = (
				28019D411F72F99600D5019B /* Base */,
			);
			name = LaunchScreen.storyboard;
			sourceTree = "<group>";
		};
/* End PBXVariantGroup section */

/* Begin XCBuildConfiguration section */
		28019D441F72F99600D5019B /* Debug */ = {
			isa = XCBuildConfiguration;
			buildSettings = {
				ALWAYS_SEARCH_USER_PATHS = NO;
				CLANG_ANALYZER_NONNULL = YES;
				CLANG_ANALYZER_NUMBER_OBJECT_CONVERSION = YES_AGGRESSIVE;
				CLANG_CXX_LANGUAGE_STANDARD = "gnu++0x";
				CLANG_CXX_LIBRARY = "libc++";
				CLANG_ENABLE_MODULES = YES;
				CLANG_ENABLE_OBJC_ARC = YES;
				CLANG_WARN_BOOL_CONVERSION = YES;
				CLANG_WARN_CONSTANT_CONVERSION = YES;
				CLANG_WARN_DIRECT_OBJC_ISA_USAGE = YES_ERROR;
				CLANG_WARN_DOCUMENTATION_COMMENTS = YES;
				CLANG_WARN_EMPTY_BODY = YES;
				CLANG_WARN_ENUM_CONVERSION = YES;
				CLANG_WARN_INFINITE_RECURSION = YES;
				CLANG_WARN_INT_CONVERSION = YES;
				CLANG_WARN_OBJC_ROOT_CLASS = YES_ERROR;
				CLANG_WARN_SUSPICIOUS_MOVE = YES;
				CLANG_WARN_UNREACHABLE_CODE = YES;
				CLANG_WARN__DUPLICATE_METHOD_MATCH = YES;
				"CODE_SIGN_IDENTITY[sdk=iphoneos*]" = "iPhone Developer";
				COPY_PHASE_STRIP = NO;
				DEBUG_INFORMATION_FORMAT = dwarf;
				ENABLE_STRICT_OBJC_MSGSEND = YES;
				ENABLE_TESTABILITY = YES;
				GCC_C_LANGUAGE_STANDARD = gnu99;
				GCC_DYNAMIC_NO_PIC = NO;
				GCC_NO_COMMON_BLOCKS = YES;
				GCC_OPTIMIZATION_LEVEL = 0;
				GCC_PREPROCESSOR_DEFINITIONS = (
					"DEBUG=1",
					"$(inherited)",
				);
				GCC_WARN_64_TO_32_BIT_CONVERSION = YES;
				GCC_WARN_ABOUT_RETURN_TYPE = YES_ERROR;
				GCC_WARN_UNDECLARED_SELECTOR = YES;
				GCC_WARN_UNINITIALIZED_AUTOS = YES_AGGRESSIVE;
				GCC_WARN_UNUSED_FUNCTION = YES;
				GCC_WARN_UNUSED_VARIABLE = YES;
				IPHONEOS_DEPLOYMENT_TARGET = 10.3;
				MTL_ENABLE_DEBUG_INFO = YES;
				ONLY_ACTIVE_ARCH = YES;
				SDKROOT = iphoneos;
				TARGETED_DEVICE_FAMILY = "1,2";
			};
			name = Debug;
		};
		28019D451F72F99600D5019B /* Release */ = {
			isa = XCBuildConfiguration;
			buildSettings = {
				ALWAYS_SEARCH_USER_PATHS = NO;
				CLANG_ANALYZER_NONNULL = YES;
				CLANG_ANALYZER_NUMBER_OBJECT_CONVERSION = YES_AGGRESSIVE;
				CLANG_CXX_LANGUAGE_STANDARD = "gnu++0x";
				CLANG_CXX_LIBRARY = "libc++";
				CLANG_ENABLE_MODULES = YES;
				CLANG_ENABLE_OBJC_ARC = YES;
				CLANG_WARN_BOOL_CONVERSION = YES;
				CLANG_WARN_CONSTANT_CONVERSION = YES;
				CLANG_WARN_DIRECT_OBJC_ISA_USAGE = YES_ERROR;
				CLANG_WARN_DOCUMENTATION_COMMENTS = YES;
				CLANG_WARN_EMPTY_BODY = YES;
				CLANG_WARN_ENUM_CONVERSION = YES;
				CLANG_WARN_INFINITE_RECURSION = YES;
				CLANG_WARN_INT_CONVERSION = YES;
				CLANG_WARN_OBJC_ROOT_CLASS = YES_ERROR;
				CLANG_WARN_SUSPICIOUS_MOVE = YES;
				CLANG_WARN_UNREACHABLE_CODE = YES;
				CLANG_WARN__DUPLICATE_METHOD_MATCH = YES;
				"CODE_SIGN_IDENTITY[sdk=iphoneos*]" = "iPhone Developer";
				COPY_PHASE_STRIP = NO;
				DEBUG_INFORMATION_FORMAT = "dwarf-with-dsym";
				ENABLE_NS_ASSERTIONS = NO;
				ENABLE_STRICT_OBJC_MSGSEND = YES;
				GCC_C_LANGUAGE_STANDARD = gnu99;
				GCC_NO_COMMON_BLOCKS = YES;
				GCC_WARN_64_TO_32_BIT_CONVERSION = YES;
				GCC_WARN_ABOUT_RETURN_TYPE = YES_ERROR;
				GCC_WARN_UNDECLARED_SELECTOR = YES;
				GCC_WARN_UNINITIALIZED_AUTOS = YES_AGGRESSIVE;
				GCC_WARN_UNUSED_FUNCTION = YES;
				GCC_WARN_UNUSED_VARIABLE = YES;
				IPHONEOS_DEPLOYMENT_TARGET = 10.3;
				MTL_ENABLE_DEBUG_INFO = NO;
				SDKROOT = iphoneos;
				TARGETED_DEVICE_FAMILY = "1,2";
				VALIDATE_PRODUCT = YES;
			};
			name = Release;
		};
		28019D471F72F99600D5019B /* Debug */ = {
			isa = XCBuildConfiguration;
			baseConfigurationReference = 8038AA53829710CCF2767723 /* Pods-RNWrapper2.debug.xcconfig */;
			buildSettings = {
				ASSETCATALOG_COMPILER_APPICON_NAME = AppIcon;
				INFOPLIST_FILE = RNWrapper2/Info.plist;
				LD_RUNPATH_SEARCH_PATHS = "$(inherited) @executable_path/Frameworks";
				PRODUCT_BUNDLE_IDENTIFIER = neilding.RNWrapper2;
				PRODUCT_NAME = "$(TARGET_NAME)";
			};
			name = Debug;
		};
		28019D481F72F99600D5019B /* Release */ = {
			isa = XCBuildConfiguration;
			baseConfigurationReference = 94D5463D23F1948436586FB1 /* Pods-RNWrapper2.release.xcconfig */;
			buildSettings = {
				ASSETCATALOG_COMPILER_APPICON_NAME = AppIcon;
				INFOPLIST_FILE = RNWrapper2/Info.plist;
				LD_RUNPATH_SEARCH_PATHS = "$(inherited) @executable_path/Frameworks";
				PRODUCT_BUNDLE_IDENTIFIER = neilding.RNWrapper2;
				PRODUCT_NAME = "$(TARGET_NAME)";
			};
			name = Release;
		};
/* End XCBuildConfiguration section */

/* Begin XCConfigurationList section */
		28019D2A1F72F99600D5019B /* Build configuration list for PBXProject "RNWrapper2" */ = {
			isa = XCConfigurationList;
			buildConfigurations = (
				28019D441F72F99600D5019B /* Debug */,
				28019D451F72F99600D5019B /* Release */,
			);
			defaultConfigurationIsVisible = 0;
			defaultConfigurationName = Release;
		};
		28019D461F72F99600D5019B /* Build configuration list for PBXNativeTarget "RNWrapper2" */ = {
			isa = XCConfigurationList;
			buildConfigurations = (
				28019D471F72F99600D5019B /* Debug */,
				28019D481F72F99600D5019B /* Release */,
			);
			defaultConfigurationIsVisible = 0;
			defaultConfigurationName = Release;
		};
/* End XCConfigurationList section */
	};
	rootObject = 28019D271F72F99600D5019B /* Project object */;
}
